
Microsoft Visual Studio Solution File, Format Version 12.00
# Visual Studio 15
VisualStudioVersion = 15.0.27130.2010
MinimumVisualStudioVersion = 10.0.40219.1
Project("{FAE04EC0-301F-11D3-BF4B-00C04F79EFBC}") = "TwoDecks", "TwoDecks\TwoDecks.csproj", "{DD373473-D831-4975-BF41-F95AB4907391}"
EndProject
Global
	GlobalSection(SolutionConfigurationPlatforms) = preSolution
		Debug|Any CPU = Debug|Any CPU
		Release|Any CPU = Release|Any CPU
	EndGlobalSection
	GlobalSection(ProjectConfigurationPlatforms) = postSolution
		{DD373473-D831-4975-BF41-F95AB4907391}.Debug|Any CPU.ActiveCfg = Debug|Any CPU
		{DD373473-D831-4975-BF41-F95AB4907391}.Debug|Any CPU.Build.0 = Debug|Any CPU
		{DD373473-D831-4975-BF41-F95AB4907391}.Release|Any CPU.ActiveCfg = Release|Any CPU
		{DD373473-D831-4975-BF41-F95AB4907391}.Release|Any CPU.Build.0 = Release|Any CPU
	EndGlobalSection
	GlobalSection(SolutionProperties) = preSolution
		HideSolutionNode = FALSE
	EndGlobalSection
	GlobalSection(ExtensibilityGlobals) = postSolution
		SolutionGuid = {7EE63FA4-C6AF-4E5D-A113-DEF0633D6817}
	EndGlobalSection
EndGlobal
